
Microsoft Visual Studio Solution File, Format Version 12.00
Project("{2150E333-8FDC-42A3-9474-1A3956D46DE8}") = "UI", "UI", "{6DB0E952-BC1F-4DE9-A850-D74A976FA524}"
EndProject
Project("{2150E333-8FDC-42A3-9474-1A3956D46DE8}") = "DLL", "DLL", "{330CD4A7-3FF8-425C-817D-738F242A2089}"
EndProject
Project("{2150E333-8FDC-42A3-9474-1A3956D46DE8}") = "REST", "REST", "{6E0206FB-77CB-447A-BC45-D333274D7A42}"
EndProject
Project("{FAE04EC0-301F-11D3-BF4B-00C04F79EFBC}") = "WebApplication1", "WebApplication1\WebApplication1.csproj", "{D040F200-E09E-4C78-B248-50DA51D9DAFE}"
EndProject
Project("{FAE04EC0-301F-11D3-BF4B-00C04F79EFBC}") = "Persistence", "Persistence\Persistence.csproj", "{DADF7AD8-2E45-4C03-9C7D-57AC3890E4EB}"
EndProject
Project("{2150E333-8FDC-42A3-9474-1A3956D46DE8}") = "BLL", "BLL", "{E3DDB2B3-306B-42CD-90F9-CAD4260CD9E4}"
EndProject
Project("{FAE04EC0-301F-11D3-BF4B-00C04F79EFBC}") = "Domain", "Domain\Domain.csproj", "{9F4FDC8F-BC36-49CF-B52F-5A6B132B576A}"
EndProject
Project("{FAE04EC0-301F-11D3-BF4B-00C04F79EFBC}") = "Application", "Application\Application.csproj", "{50C1A8EF-DC78-4E81-B623-12A75A2B51C1}"
EndProject
Global
	GlobalSection(SolutionConfigurationPlatforms) = preSolution
		Debug|Any CPU = Debug|Any CPU
		Release|Any CPU = Release|Any CPU
	EndGlobalSection
	GlobalSection(NestedProjects) = preSolution
		{D040F200-E09E-4C78-B248-50DA51D9DAFE} = {6E0206FB-77CB-447A-BC45-D333274D7A42}
		{DADF7AD8-2E45-4C03-9C7D-57AC3890E4EB} = {330CD4A7-3FF8-425C-817D-738F242A2089}
		{9F4FDC8F-BC36-49CF-B52F-5A6B132B576A} = {E3DDB2B3-306B-42CD-90F9-CAD4260CD9E4}
		{50C1A8EF-DC78-4E81-B623-12A75A2B51C1} = {E3DDB2B3-306B-42CD-90F9-CAD4260CD9E4}
	EndGlobalSection
	GlobalSection(ProjectConfigurationPlatforms) = postSolution
		{D040F200-E09E-4C78-B248-50DA51D9DAFE}.Debug|Any CPU.ActiveCfg = Debug|Any CPU
		{D040F200-E09E-4C78-B248-50DA51D9DAFE}.Debug|Any CPU.Build.0 = Debug|Any CPU
		{D040F200-E09E-4C78-B248-50DA51D9DAFE}.Release|Any CPU.ActiveCfg = Release|Any CPU
		{D040F200-E09E-4C78-B248-50DA51D9DAFE}.Release|Any CPU.Build.0 = Release|Any CPU
		{DADF7AD8-2E45-4C03-9C7D-57AC3890E4EB}.Debug|Any CPU.ActiveCfg = Debug|Any CPU
		{DADF7AD8-2E45-4C03-9C7D-57AC3890E4EB}.Debug|Any CPU.Build.0 = Debug|Any CPU
		{DADF7AD8-2E45-4C03-9C7D-57AC3890E4EB}.Release|Any CPU.ActiveCfg = Release|Any CPU
		{DADF7AD8-2E45-4C03-9C7D-57AC3890E4EB}.Release|Any CPU.Build.0 = Release|Any CPU
		{9F4FDC8F-BC36-49CF-B52F-5A6B132B576A}.Debug|Any CPU.ActiveCfg = Debug|Any CPU
		{9F4FDC8F-BC36-49CF-B52F-5A6B132B576A}.Debug|Any CPU.Build.0 = Debug|Any CPU
		{9F4FDC8F-BC36-49CF-B52F-5A6B132B576A}.Release|Any CPU.ActiveCfg = Release|Any CPU
		{9F4FDC8F-BC36-49CF-B52F-5A6B132B576A}.Release|Any CPU.Build.0 = Release|Any CPU
		{50C1A8EF-DC78-4E81-B623-12A75A2B51C1}.Debug|Any CPU.ActiveCfg = Debug|Any CPU
		{50C1A8EF-DC78-4E81-B623-12A75A2B51C1}.Debug|Any CPU.Build.0 = Debug|Any CPU
		{50C1A8EF-DC78-4E81-B623-12A75A2B51C1}.Release|Any CPU.ActiveCfg = Release|Any CPU
		{50C1A8EF-DC78-4E81-B623-12A75A2B51C1}.Release|Any CPU.Build.0 = Release|Any CPU
	EndGlobalSection
EndGlobal
